
Microsoft Visual Studio Solution File, Format Version 12.00
# Visual Studio Version 16
VisualStudioVersion = 16.0.30611.23
MinimumVisualStudioVersion = 10.0.40219.1
Project("{FAE04EC0-301F-11D3-BF4B-00C04F79EFBC}") = "MenuCSharpVisualStudio2019", "MenuCSharpVisualStudio2019.csproj", "{8CABCED5-2DB1-4897-83DB-DCF60D52FFC0}"
EndProject
Global
	GlobalSection(SolutionConfigurationPlatforms) = preSolution
		Debug|Any CPU = Debug|Any CPU
		Release|Any CPU = Release|Any CPU
	EndGlobalSection
	GlobalSection(ProjectConfigurationPlatforms) = postSolution
		{8CABCED5-2DB1-4897-83DB-DCF60D52FFC0}.Debug|Any CPU.ActiveCfg = Debug|Any CPU
		{8CABCED5-2DB1-4897-83DB-DCF60D52FFC0}.Debug|Any CPU.Build.0 = Debug|Any CPU
		{8CABCED5-2DB1-4897-83DB-DCF60D52FFC0}.Release|Any CPU.ActiveCfg = Release|Any CPU
		{8CABCED5-2DB1-4897-83DB-DCF60D52FFC0}.Release|Any CPU.Build.0 = Release|Any CPU
	EndGlobalSection
	GlobalSection(SolutionProperties) = preSolution
		HideSolutionNode = FALSE
	EndGlobalSection
	GlobalSection(ExtensibilityGlobals) = postSolution
		SolutionGuid = {F7273F6A-62C8-4F04-906C-79C665E317A2}
	EndGlobalSection
EndGlobal
